// !$*UTF8*$!
{
	archiveVersion = 1;
	classes = {
	};
	objectVersion = 46;
	objects = {

/* Begin PBXBuildFile section */
		6506E00519B3EE85004B2BC7 /* Foundation.framework in Frameworks */ = {isa = PBXBuildFile; fileRef = 6506E00419B3EE85004B2BC7 /* Foundation.framework */; };
		6506E00719B3EE85004B2BC7 /* CoreGraphics.framework in Frameworks */ = {isa = PBXBuildFile; fileRef = 6506E00619B3EE85004B2BC7 /* CoreGraphics.framework */; };
		6506E00919B3EE85004B2BC7 /* UIKit.framework in Frameworks */ = {isa = PBXBuildFile; fileRef = 6506E00819B3EE85004B2BC7 /* UIKit.framework */; };
		6506E00F19B3EE85004B2BC7 /* InfoPlist.strings in Resources */ = {isa = PBXBuildFile; fileRef = 6506E00D19B3EE85004B2BC7 /* InfoPlist.strings */; };
		6506E01119B3EE85004B2BC7 /* main.m in Sources */ = {isa = PBXBuildFile; fileRef = 6506E01019B3EE85004B2BC7 /* main.m */; };
		6506E01519B3EE85004B2BC7 /* DMAppDelegate.m in Sources */ = {isa = PBXBuildFile; fileRef = 6506E01419B3EE85004B2BC7 /* DMAppDelegate.m */; };
		6506E01819B3EE85004B2BC7 /* Main_iPhone.storyboard in Resources */ = {isa = PBXBuildFile; fileRef = 6506E01619B3EE85004B2BC7 /* Main_iPhone.storyboard */; };
		6506E01B19B3EE85004B2BC7 /* Main_iPad.storyboard in Resources */ = {isa = PBXBuildFile; fileRef = 6506E01919B3EE85004B2BC7 /* Main_iPad.storyboard */; };
		6506E01E19B3EE85004B2BC7 /* DMViewController.m in Sources */ = {isa = PBXBuildFile; fileRef = 6506E01D19B3EE85004B2BC7 /* DMViewController.m */; };
		6506E02019B3EE85004B2BC7 /* Images.xcassets in Resources */ = {isa = PBXBuildFile; fileRef = 6506E01F19B3EE85004B2BC7 /* Images.xcassets */; };
		6506E02719B3EE85004B2BC7 /* XCTest.framework in Frameworks */ = {isa = PBXBuildFile; fileRef = 6506E02619B3EE85004B2BC7 /* XCTest.framework */; };
		6506E02819B3EE85004B2BC7 /* Foundation.framework in Frameworks */ = {isa = PBXBuildFile; fileRef = 6506E00419B3EE85004B2BC7 /* Foundation.framework */; };
		6506E02919B3EE85004B2BC7 /* UIKit.framework in Frameworks */ = {isa = PBXBuildFile; fileRef = 6506E00819B3EE85004B2BC7 /* UIKit.framework */; };
		6506E03119B3EE85004B2BC7 /* InfoPlist.strings in Resources */ = {isa = PBXBuildFile; fileRef = 6506E02F19B3EE85004B2BC7 /* InfoPlist.strings */; };
		6506E03319B3EE85004B2BC7 /* demo1_with_chrisTests.m in Sources */ = {isa = PBXBuildFile; fileRef = 6506E03219B3EE85004B2BC7 /* demo1_with_chrisTests.m */; };
/* End PBXBuildFile section */

/* Begin PBXContainerItemProxy section */
		6506E02A19B3EE85004B2BC7 /* PBXContainerItemProxy */ = {
			isa = PBXContainerItemProxy;
			containerPortal = 6506DFF919B3EE85004B2BC7 /* Project object */;
			proxyType = 1;
			remoteGlobalIDString = 6506E00019B3EE85004B2BC7;
			remoteInfo = "demo1-with-chris";
		};
/* End PBXContainerItemProxy section */

/* Begin PBXFileReference section */
		6506E00119B3EE85004B2BC7 /* demo1-with-chris.app */ = {isa = PBXFileReference; explicitFileType = wrapper.application; includeInIndex = 0; path = "demo1-with-chris.app"; sourceTree = BUILT_PRODUCTS_DIR; };
		6506E00419B3EE85004B2BC7 /* Foundation.framework */ = {isa = PBXFileReference; lastKnownFileType = wrapper.framework; name = Foundation.framework; path = System/Library/Frameworks/Foundation.framework; sourceTree = SDKROOT; };
		6506E00619B3EE85004B2BC7 /* CoreGraphics.framework */ = {isa = PBXFileReference; lastKnownFileType = wrapper.framework; name = CoreGraphics.framework; path = System/Library/Frameworks/CoreGraphics.framework; sourceTree = SDKROOT; };
		6506E00819B3EE85004B2BC7 /* UIKit.framework */ = {isa = PBXFileReference; lastKnownFileType = wrapper.framework; name = UIKit.framework; path = System/Library/Frameworks/UIKit.framework; sourceTree = SDKROOT; };
		6506E00C19B3EE85004B2BC7 /* demo1-with-chris-Info.plist */ = {isa = PBXFileReference; lastKnownFileType = text.plist.xml; path = "demo1-with-chris-Info.plist"; sourceTree = "<group>"; };
		6506E00E19B3EE85004B2BC7 /* en */ = {isa = PBXFileReference; lastKnownFileType = text.plist.strings; name = en; path = en.lproj/InfoPlist.strings; sourceTree = "<group>"; };
		6506E01019B3EE85004B2BC7 /* main.m */ = {isa = PBXFileReference; lastKnownFileType = sourcecode.c.objc; path = main.m; sourceTree = "<group>"; };
		6506E01219B3EE85004B2BC7 /* demo1-with-chris-Prefix.pch */ = {isa = PBXFileReference; lastKnownFileType = sourcecode.c.h; path = "demo1-with-chris-Prefix.pch"; sourceTree = "<group>"; };
		6506E01319B3EE85004B2BC7 /* DMAppDelegate.h */ = {isa = PBXFileReference; lastKnownFileType = sourcecode.c.h; path = DMAppDelegate.h; sourceTree = "<group>"; };
		6506E01419B3EE85004B2BC7 /* DMAppDelegate.m */ = {isa = PBXFileReference; lastKnownFileType = sourcecode.c.objc; path = DMAppDelegate.m; sourceTree = "<group>"; };
		6506E01719B3EE85004B2BC7 /* Base */ = {isa = PBXFileReference; lastKnownFileType = file.storyboard; name = Base; path = Base.lproj/Main_iPhone.storyboard; sourceTree = "<group>"; };
		6506E01A19B3EE85004B2BC7 /* Base */ = {isa = PBXFileReference; lastKnownFileType = file.storyboard; name = Base; path = Base.lproj/Main_iPad.storyboard; sourceTree = "<group>"; };
		6506E01C19B3EE85004B2BC7 /* DMViewController.h */ = {isa = PBXFileReference; lastKnownFileType = sourcecode.c.h; path = DMViewController.h; sourceTree = "<group>"; };
		6506E01D19B3EE85004B2BC7 /* DMViewController.m */ = {isa = PBXFileReference; lastKnownFileType = sourcecode.c.objc; path = DMViewController.m; sourceTree = "<group>"; };
		6506E01F19B3EE85004B2BC7 /* Images.xcassets */ = {isa = PBXFileReference; lastKnownFileType = folder.assetcatalog; path = Images.xcassets; sourceTree = "<group>"; };
		6506E02519B3EE85004B2BC7 /* demo1-with-chrisTests.xctest */ = {isa = PBXFileReference; explicitFileType = wrapper.cfbundle; includeInIndex = 0; path = "demo1-with-chrisTests.xctest"; sourceTree = BUILT_PRODUCTS_DIR; };
		6506E02619B3EE85004B2BC7 /* XCTest.framework */ = {isa = PBXFileReference; lastKnownFileType = wrapper.framework; name = XCTest.framework; path = Library/Frameworks/XCTest.framework; sourceTree = DEVELOPER_DIR; };
		6506E02E19B3EE85004B2BC7 /* demo1-with-chrisTests-Info.plist */ = {isa = PBXFileReference; lastKnownFileType = text.plist.xml; path = "demo1-with-chrisTests-Info.plist"; sourceTree = "<group>"; };
		6506E03019B3EE85004B2BC7 /* en */ = {isa = PBXFileReference; lastKnownFileType = text.plist.strings; name = en; path = en.lproj/InfoPlist.strings; sourceTree = "<group>"; };
		6506E03219B3EE85004B2BC7 /* demo1_with_chrisTests.m */ = {isa = PBXFileReference; lastKnownFileType = sourcecode.c.objc; path = demo1_with_chrisTests.m; sourceTree = "<group>"; };
/* End PBXFileReference section */

/* Begin PBXFrameworksBuildPhase section */
		6506DFFE19B3EE85004B2BC7 /* Frameworks */ = {
			isa = PBXFrameworksBuildPhase;
			buildActionMask = 2147483647;
			files = (
				6506E00719B3EE85004B2BC7 /* CoreGraphics.framework in Frameworks */,
				6506E00919B3EE85004B2BC7 /* UIKit.framework in Frameworks */,
				6506E00519B3EE85004B2BC7 /* Foundation.framework in Frameworks */,
			);
			runOnlyForDeploymentPostprocessing = 0;
		};
		6506E02219B3EE85004B2BC7 /* Frameworks */ = {
			isa = PBXFrameworksBuildPhase;
			buildActionMask = 2147483647;
			files = (
				6506E02719B3EE85004B2BC7 /* XCTest.framework in Frameworks */,
				6506E02919B3EE85004B2BC7 /* UIKit.framework in Frameworks */,
				6506E02819B3EE85004B2BC7 /* Foundation.framework in Frameworks */,
			);
			runOnlyForDeploymentPostprocessing = 0;
		};
/* End PBXFrameworksBuildPhase section */

/* Begin PBXGroup section */
		6506DFF819B3EE85004B2BC7 = {
			isa = PBXGroup;
			children = (
				6506E00A19B3EE85004B2BC7 /* demo1-with-chris */,
				6506E02C19B3EE85004B2BC7 /* demo1-with-chrisTests */,
				6506E00319B3EE85004B2BC7 /* Frameworks */,
				6506E00219B3EE85004B2BC7 /* Products */,
			);
			sourceTree = "<group>";
		};
		6506E00219B3EE85004B2BC7 /* Products */ = {
			isa = PBXGroup;
			children = (
				6506E00119B3EE85004B2BC7 /* demo1-with-chris.app */,
				6506E02519B3EE85004B2BC7 /* demo1-with-chrisTests.xctest */,
			);
			name = Products;
			sourceTree = "<group>";
		};
		6506E00319B3EE85004B2BC7 /* Frameworks */ = {
			isa = PBXGroup;
			children = (
				6506E00419B3EE85004B2BC7 /* Foundation.framework */,
				6506E00619B3EE85004B2BC7 /* CoreGraphics.framework */,
				6506E00819B3EE85004B2BC7 /* UIKit.framework */,
				6506E02619B3EE85004B2BC7 /* XCTest.framework */,
			);
			name = Frameworks;
			sourceTree = "<group>";
		};
		6506E00A19B3EE85004B2BC7 /* demo1-with-chris */ = {
			isa = PBXGroup;
			children = (
				6506E01319B3EE85004B2BC7 /* DMAppDelegate.h */,
				6506E01419B3EE85004B2BC7 /* DMAppDelegate.m */,
				6506E01619B3EE85004B2BC7 /* Main_iPhone.storyboard */,
				6506E01919B3EE85004B2BC7 /* Main_iPad.storyboard */,
				6506E01C19B3EE85004B2BC7 /* DMViewController.h */,
				6506E01D19B3EE85004B2BC7 /* DMViewController.m */,
				6506E01F19B3EE85004B2BC7 /* Images.xcassets */,
				6506E00B19B3EE85004B2BC7 /* Supporting Files */,
			);
			path = "demo1-with-chris";
			sourceTree = "<group>";
		};
		6506E00B19B3EE85004B2BC7 /* Supporting Files */ = {
			isa = PBXGroup;
			children = (
				6506E00C19B3EE85004B2BC7 /* demo1-with-chris-Info.plist */,
				6506E00D19B3EE85004B2BC7 /* InfoPlist.strings */,
				6506E01019B3EE85004B2BC7 /* main.m */,
				6506E01219B3EE85004B2BC7 /* demo1-with-chris-Prefix.pch */,
			);
			name = "Supporting Files";
			sourceTree = "<group>";
		};
		6506E02C19B3EE85004B2BC7 /* demo1-with-chrisTests */ = {
			isa = PBXGroup;
			children = (
				6506E03219B3EE85004B2BC7 /* demo1_with_chrisTests.m */,
				6506E02D19B3EE85004B2BC7 /* Supporting Files */,
			);
			path = "demo1-with-chrisTests";
			sourceTree = "<group>";
		};
		6506E02D19B3EE85004B2BC7 /* Supporting Files */ = {
			isa = PBXGroup;
			children = (
				6506E02E19B3EE85004B2BC7 /* demo1-with-chrisTests-Info.plist */,
				6506E02F19B3EE85004B2BC7 /* InfoPlist.strings */,
			);
			name = "Supporting Files";
			sourceTree = "<group>";
		};
/* End PBXGroup section */

/* Begin PBXNativeTarget section */
		6506E00019B3EE85004B2BC7 /* demo1-with-chris */ = {
			isa = PBXNativeTarget;
			buildConfigurationList = 6506E03619B3EE85004B2BC7 /* Build configuration list for PBXNativeTarget "demo1-with-chris" */;
			buildPhases = (
				6506DFFD19B3EE85004B2BC7 /* Sources */,
				6506DFFE19B3EE85004B2BC7 /* Frameworks */,
				6506DFFF19B3EE85004B2BC7 /* Resources */,
			);
			buildRules = (
			);
			dependencies = (
			);
			name = "demo1-with-chris";
			productName = "demo1-with-chris";
			productReference = 6506E00119B3EE85004B2BC7 /* demo1-with-chris.app */;
			productType = "com.apple.product-type.application";
		};
		6506E02419B3EE85004B2BC7 /* demo1-with-chrisTests */ = {
			isa = PBXNativeTarget;
			buildConfigurationList = 6506E03919B3EE85004B2BC7 /* Build configuration list for PBXNativeTarget "demo1-with-chrisTests" */;
			buildPhases = (
				6506E02119B3EE85004B2BC7 /* Sources */,
				6506E02219B3EE85004B2BC7 /* Frameworks */,
				6506E02319B3EE85004B2BC7 /* Resources */,
			);
			buildRules = (
			);
			dependencies = (
				6506E02B19B3EE85004B2BC7 /* PBXTargetDependency */,
			);
			name = "demo1-with-chrisTests";
			productName = "demo1-with-chrisTests";
			productReference = 6506E02519B3EE85004B2BC7 /* demo1-with-chrisTests.xctest */;
			productType = "com.apple.product-type.bundle.unit-test";
		};
/* End PBXNativeTarget section */

/* Begin PBXProject section */
		6506DFF919B3EE85004B2BC7 /* Project object */ = {
			isa = PBXProject;
			attributes = {
				CLASSPREFIX = DM;
				LastUpgradeCheck = 0510;
				ORGANIZATIONNAME = DevMountain;
				TargetAttributes = {
					6506E02419B3EE85004B2BC7 = {
						TestTargetID = 6506E00019B3EE85004B2BC7;
					};
				};
			};
			buildConfigurationList = 6506DFFC19B3EE85004B2BC7 /* Build configuration list for PBXProject "demo1-with-chris" */;
			compatibilityVersion = "Xcode 3.2";
			developmentRegion = English;
			hasScannedForEncodings = 0;
			knownRegions = (
				en,
				Base,
			);
			mainGroup = 6506DFF819B3EE85004B2BC7;
			productRefGroup = 6506E00219B3EE85004B2BC7 /* Products */;
			projectDirPath = "";
			projectRoot = "";
			targets = (
				6506E00019B3EE85004B2BC7 /* demo1-with-chris */,
				6506E02419B3EE85004B2BC7 /* demo1-with-chrisTests */,
			);
		};
/* End PBXProject section */

/* Begin PBXResourcesBuildPhase section */
		6506DFFF19B3EE85004B2BC7 /* Resources */ = {
			isa = PBXResourcesBuildPhase;
			buildActionMask = 2147483647;
			files = (
				6506E01B19B3EE85004B2BC7 /* Main_iPad.storyboard in Resources */,
				6506E02019B3EE85004B2BC7 /* Images.xcassets in Resources */,
				6506E01819B3EE85004B2BC7 /* Main_iPhone.storyboard in Resources */,
				6506E00F19B3EE85004B2BC7 /* InfoPlist.strings in Resources */,
			);
			runOnlyForDeploymentPostprocessing = 0;
		};
		6506E02319B3EE85004B2BC7 /* Resources */ = {
			isa = PBXResourcesBuildPhase;
			buildActionMask = 2147483647;
			files = (
				6506E03119B3EE85004B2BC7 /* InfoPlist.strings in Resources */,
			);
			runOnlyForDeploymentPostprocessing = 0;
		};
/* End PBXResourcesBuildPhase section */

/* Begin PBXSourcesBuildPhase section */
		6506DFFD19B3EE85004B2BC7 /* Sources */ = {
			isa = PBXSourcesBuildPhase;
			buildActionMask = 2147483647;
			files = (
				6506E01119B3EE85004B2BC7 /* main.m in Sources */,
				6506E01E19B3EE85004B2BC7 /* DMViewController.m in Sources */,
				6506E01519B3EE85004B2BC7 /* DMAppDelegate.m in Sources */,
			);
			runOnlyForDeploymentPostprocessing = 0;
		};
		6506E02119B3EE85004B2BC7 /* Sources */ = {
			isa = PBXSourcesBuildPhase;
			buildActionMask = 2147483647;
			files = (
				6506E03319B3EE85004B2BC7 /* demo1_with_chrisTests.m in Sources */,
			);
			runOnlyForDeploymentPostprocessing = 0;
		};
/* End PBXSourcesBuildPhase section */

/* Begin PBXTargetDependency section */
		6506E02B19B3EE85004B2BC7 /* PBXTargetDependency */ = {
			isa = PBXTargetDependency;
			target = 6506E00019B3EE85004B2BC7 /* demo1-with-chris */;
			targetProxy = 6506E02A19B3EE85004B2BC7 /* PBXContainerItemProxy */;
		};
/* End PBXTargetDependency section */

/* Begin PBXVariantGroup section */
		6506E00D19B3EE85004B2BC7 /* InfoPlist.strings */ = {
			isa = PBXVariantGroup;
			children = (
				6506E00E19B3EE85004B2BC7 /* en */,
			);
			name = InfoPlist.strings;
			sourceTree = "<group>";
		};
		6506E01619B3EE85004B2BC7 /* Main_iPhone.storyboard */ = {
			isa = PBXVariantGroup;
			children = (
				6506E01719B3EE85004B2BC7 /* Base */,
			);
			name = Main_iPhone.storyboard;
			sourceTree = "<group>";
		};
		6506E01919B3EE85004B2BC7 /* Main_iPad.storyboard */ = {
			isa = PBXVariantGroup;
			children = (
				6506E01A19B3EE85004B2BC7 /* Base */,
			);
			name = Main_iPad.storyboard;
			sourceTree = "<group>";
		};
		6506E02F19B3EE85004B2BC7 /* InfoPlist.strings */ = {
			isa = PBXVariantGroup;
			children = (
				6506E03019B3EE85004B2BC7 /* en */,
			);
			name = InfoPlist.strings;
			sourceTree = "<group>";
		};
/* End PBXVariantGroup section */

/* Begin XCBuildConfiguration section */
		6506E03419B3EE85004B2BC7 /* Debug */ = {
			isa = XCBuildConfiguration;
			buildSettings = {
				ALWAYS_SEARCH_USER_PATHS = NO;
				CLANG_CXX_LANGUAGE_STANDARD = "gnu++0x";
				CLANG_CXX_LIBRARY = "libc++";
				CLANG_ENABLE_MODULES = YES;
				CLANG_ENABLE_OBJC_ARC = YES;
				CLANG_WARN_BOOL_CONVERSION = YES;
				CLANG_WARN_CONSTANT_CONVERSION = YES;
				CLANG_WARN_DIRECT_OBJC_ISA_USAGE = YES_ERROR;
				CLANG_WARN_EMPTY_BODY = YES;
				CLANG_WARN_ENUM_CONVERSION = YES;
				CLANG_WARN_INT_CONVERSION = YES;
				CLANG_WARN_OBJC_ROOT_CLASS = YES_ERROR;
				CLANG_WARN__DUPLICATE_METHOD_MATCH = YES;
				"CODE_SIGN_IDENTITY[sdk=iphoneos*]" = "iPhone Developer";
				COPY_PHASE_STRIP = NO;
				GCC_C_LANGUAGE_STANDARD = gnu99;
				GCC_DYNAMIC_NO_PIC = NO;
				GCC_OPTIMIZATION_LEVEL = 0;
				GCC_PREPROCESSOR_DEFINITIONS = (
					"DEBUG=1",
					"$(inherited)",
				);
				GCC_SYMBOLS_PRIVATE_EXTERN = NO;
				GCC_WARN_64_TO_32_BIT_CONVERSION = YES;
				GCC_WARN_ABOUT_RETURN_TYPE = YES_ERROR;
				GCC_WARN_UNDECLARED_SELECTOR = YES;
				GCC_WARN_UNINITIALIZED_AUTOS = YES_AGGRESSIVE;
				GCC_WARN_UNUSED_FUNCTION = YES;
				GCC_WARN_UNUSED_VARIABLE = YES;
				IPHONEOS_DEPLOYMENT_TARGET = 7.1;
				ONLY_ACTIVE_ARCH = YES;
				SDKROOT = iphoneos;
				TARGETED_DEVICE_FAMILY = "1,2";
			};
			name = Debug;
		};
		6506E03519B3EE85004B2BC7 /* Release */ = {
			isa = XCBuildConfiguration;
			buildSettings = {
				ALWAYS_SEARCH_USER_PATHS = NO;
				CLANG_CXX_LANGUAGE_STANDARD = "gnu++0x";
				CLANG_CXX_LIBRARY = "libc++";
				CLANG_ENABLE_MODULES = YES;
				CLANG_ENABLE_OBJC_ARC = YES;
				CLANG_WARN_BOOL_CONVERSION = YES;
				CLANG_WARN_CONSTANT_CONVERSION = YES;
				CLANG_WARN_DIRECT_OBJC_ISA_USAGE = YES_ERROR;
				CLANG_WARN_EMPTY_BODY = YES;
				CLANG_WARN_ENUM_CONVERSION = YES;
				CLANG_WARN_INT_CONVERSION = YES;
				CLANG_WARN_OBJC_ROOT_CLASS = YES_ERROR;
				CLANG_WARN__DUPLICATE_METHOD_MATCH = YES;
				"CODE_SIGN_IDENTITY[sdk=iphoneos*]" = "iPhone Developer";
				COPY_PHASE_STRIP = YES;
				ENABLE_NS_ASSERTIONS = NO;
				GCC_C_LANGUAGE_STANDARD = gnu99;
				GCC_WARN_64_TO_32_BIT_CONVERSION = YES;
				GCC_WARN_ABOUT_RETURN_TYPE = YES_ERROR;
				GCC_WARN_UNDECLARED_SELECTOR = YES;
				GCC_WARN_UNINITIALIZED_AUTOS = YES_AGGRESSIVE;
				GCC_WARN_UNUSED_FUNCTION = YES;
				GCC_WARN_UNUSED_VARIABLE = YES;
				IPHONEOS_DEPLOYMENT_TARGET = 7.1;
				SDKROOT = iphoneos;
				TARGETED_DEVICE_FAMILY = "1,2";
				VALIDATE_PRODUCT = YES;
			};
			name = Release;
		};
		6506E03719B3EE85004B2BC7 /* Debug */ = {
			isa = XCBuildConfiguration;
			buildSettings = {
				ASSETCATALOG_COMPILER_APPICON_NAME = AppIcon;
				ASSETCATALOG_COMPILER_LAUNCHIMAGE_NAME = LaunchImage;
				GCC_PRECOMPILE_PREFIX_HEADER = YES;
				GCC_PREFIX_HEADER = "demo1-with-chris/demo1-with-chris-Prefix.pch";
				INFOPLIST_FILE = "demo1-with-chris/demo1-with-chris-Info.plist";
				PRODUCT_NAME = "$(TARGET_NAME)";
				WRAPPER_EXTENSION = app;
			};
			name = Debug;
		};
		6506E03819B3EE85004B2BC7 /* Release */ = {
			isa = XCBuildConfiguration;
			buildSettings = {
				ASSETCATALOG_COMPILER_APPICON_NAME = AppIcon;
				ASSETCATALOG_COMPILER_LAUNCHIMAGE_NAME = LaunchImage;
				GCC_PRECOMPILE_PREFIX_HEADER = YES;
				GCC_PREFIX_HEADER = "demo1-with-chris/demo1-with-chris-Prefix.pch";
				INFOPLIST_FILE = "demo1-with-chris/demo1-with-chris-Info.plist";
				PRODUCT_NAME = "$(TARGET_NAME)";
				WRAPPER_EXTENSION = app;
			};
			name = Release;
		};
		6506E03A19B3EE85004B2BC7 /* Debug */ = {
			isa = XCBuildConfiguration;
			buildSettings = {
				BUNDLE_LOADER = "$(BUILT_PRODUCTS_DIR)/demo1-with-chris.app/demo1-with-chris";
				FRAMEWORK_SEARCH_PATHS = (
					"$(SDKROOT)/Developer/Library/Frameworks",
					"$(inherited)",
					"$(DEVELOPER_FRAMEWORKS_DIR)",
				);
				GCC_PRECOMPILE_PREFIX_HEADER = YES;
				GCC_PREFIX_HEADER = "demo1-with-chris/demo1-with-chris-Prefix.pch";
				GCC_PREPROCESSOR_DEFINITIONS = (
					"DEBUG=1",
					"$(inherited)",
				);
				INFOPLIST_FILE = "demo1-with-chrisTests/demo1-with-chrisTests-Info.plist";
				PRODUCT_NAME = "$(TARGET_NAME)";
				TEST_HOST = "$(BUNDLE_LOADER)";
				WRAPPER_EXTENSION = xctest;
			};
			name = Debug;
		};
		6506E03B19B3EE85004B2BC7 /* Release */ = {
			isa = XCBuildConfiguration;
			buildSettings = {
				BUNDLE_LOADER = "$(BUILT_PRODUCTS_DIR)/demo1-with-chris.app/demo1-with-chris";
				FRAMEWORK_SEARCH_PATHS = (
					"$(SDKROOT)/Developer/Library/Frameworks",
					"$(inherited)",
					"$(DEVELOPER_FRAMEWORKS_DIR)",
				);
				GCC_PRECOMPILE_PREFIX_HEADER = YES;
				GCC_PREFIX_HEADER = "demo1-with-chris/demo1-with-chris-Prefix.pch";
				INFOPLIST_FILE = "demo1-with-chrisTests/demo1-with-chrisTests-Info.plist";
				PRODUCT_NAME = "$(TARGET_NAME)";
				TEST_HOST = "$(BUNDLE_LOADER)";
				WRAPPER_EXTENSION = xctest;
			};
			name = Release;
		};
/* End XCBuildConfiguration section */

/* Begin XCConfigurationList section */
		6506DFFC19B3EE85004B2BC7 /* Build configuration list for PBXProject "demo1-with-chris" */ = {
			isa = XCConfigurationList;
			buildConfigurations = (
				6506E03419B3EE85004B2BC7 /* Debug */,
				6506E03519B3EE85004B2BC7 /* Release */,
			);
			defaultConfigurationIsVisible = 0;
			defaultConfigurationName = Release;
		};
		6506E03619B3EE85004B2BC7 /* Build configuration list for PBXNativeTarget "demo1-with-chris" */ = {
			isa = XCConfigurationList;
			buildConfigurations = (
				6506E03719B3EE85004B2BC7 /* Debug */,
				6506E03819B3EE85004B2BC7 /* Release */,
			);
			defaultConfigurationIsVisible = 0;
		};
		6506E03919B3EE85004B2BC7 /* Build configuration list for PBXNativeTarget "demo1-with-chrisTests" */ = {
			isa = XCConfigurationList;
			buildConfigurations = (
				6506E03A19B3EE85004B2BC7 /* Debug */,
				6506E03B19B3EE85004B2BC7 /* Release */,
			);
			defaultConfigurationIsVisible = 0;
		};
/* End XCConfigurationList section */
	};
	rootObject = 6506DFF919B3EE85004B2BC7 /* Project object */;
}
